// !$*UTF8*$!
{
	archiveVersion = 1;
	classes = {
	};
	objectVersion = 56;
	objects = {

/* Begin PBXBuildFile section */
		5F0B94DF2D0EAAC200ECD160 /* AppDelegate.swift in Sources */ = {isa = PBXBuildFile; fileRef = 5F0B94DE2D0EAAC200ECD160 /* AppDelegate.swift */; };
		5F0B94E12D0EAAC200ECD160 /* SceneDelegate.swift in Sources */ = {isa = PBXBuildFile; fileRef = 5F0B94E02D0EAAC200ECD160 /* SceneDelegate.swift */; };
		5F0B94E32D0EAAC200ECD160 /* ViewController.swift in Sources */ = {isa = PBXBuildFile; fileRef = 5F0B94E22D0EAAC200ECD160 /* ViewController.swift */; };
		5F0B94E62D0EAAC200ECD160 /* Base in Resources */ = {isa = PBXBuildFile; fileRef = 5F0B94E52D0EAAC200ECD160 /* Base */; };
		5F0B94E82D0EAAC400ECD160 /* Assets.xcassets in Resources */ = {isa = PBXBuildFile; fileRef = 5F0B94E72D0EAAC400ECD160 /* Assets.xcassets */; };
		5F0B94EB2D0EAAC400ECD160 /* Base in Resources */ = {isa = PBXBuildFile; fileRef = 5F0B94EA2D0EAAC400ECD160 /* Base */; };
		5F0B94F62D0EAAC400ECD160 /* ForDependencyDiagramsTests.swift in Sources */ = {isa = PBXBuildFile; fileRef = 5F0B94F52D0EAAC400ECD160 /* ForDependencyDiagramsTests.swift */; };
		5F0B95002D0EAAC400ECD160 /* ForDependencyDiagramsUITests.swift in Sources */ = {isa = PBXBuildFile; fileRef = 5F0B94FF2D0EAAC400ECD160 /* ForDependencyDiagramsUITests.swift */; };
		5F0B95022D0EAAC400ECD160 /* ForDependencyDiagramsUITestsLaunchTests.swift in Sources */ = {isa = PBXBuildFile; fileRef = 5F0B95012D0EAAC400ECD160 /* ForDependencyDiagramsUITestsLaunchTests.swift */; };
		5F0B95112D0EDE7C00ECD160 /* Components.swift in Sources */ = {isa = PBXBuildFile; fileRef = 5F0B95102D0EDE7C00ECD160 /* Components.swift */; };
/* End PBXBuildFile section */

/* Begin PBXContainerItemProxy section */
		5F0B94F22D0EAAC400ECD160 /* PBXContainerItemProxy */ = {
			isa = PBXContainerItemProxy;
			containerPortal = 5F0B94D32D0EAAC200ECD160 /* Project object */;
			proxyType = 1;
			remoteGlobalIDString = 5F0B94DA2D0EAAC200ECD160;
			remoteInfo = ForDependencyDiagrams;
		};
		5F0B94FC2D0EAAC400ECD160 /* PBXContainerItemProxy */ = {
			isa = PBXContainerItemProxy;
			containerPortal = 5F0B94D32D0EAAC200ECD160 /* Project object */;
			proxyType = 1;
			remoteGlobalIDString = 5F0B94DA2D0EAAC200ECD160;
			remoteInfo = ForDependencyDiagrams;
		};
/* End PBXContainerItemProxy section */

/* Begin PBXFileReference section */
		5F0B94DB2D0EAAC200ECD160 /* ForDependencyDiagrams.app */ = {isa = PBXFileReference; explicitFileType = wrapper.application; includeInIndex = 0; path = ForDependencyDiagrams.app; sourceTree = BUILT_PRODUCTS_DIR; };
		5F0B94DE2D0EAAC200ECD160 /* AppDelegate.swift */ = {isa = PBXFileReference; lastKnownFileType = sourcecode.swift; path = AppDelegate.swift; sourceTree = "<group>"; };
		5F0B94E02D0EAAC200ECD160 /* SceneDelegate.swift */ = {isa = PBXFileReference; lastKnownFileType = sourcecode.swift; path = SceneDelegate.swift; sourceTree = "<group>"; };
		5F0B94E22D0EAAC200ECD160 /* ViewController.swift */ = {isa = PBXFileReference; lastKnownFileType = sourcecode.swift; path = ViewController.swift; sourceTree = "<group>"; };
		5F0B94E52D0EAAC200ECD160 /* Base */ = {isa = PBXFileReference; lastKnownFileType = file.storyboard; name = Base; path = Base.lproj/Main.storyboard; sourceTree = "<group>"; };
		5F0B94E72D0EAAC400ECD160 /* Assets.xcassets */ = {isa = PBXFileReference; lastKnownFileType = folder.assetcatalog; path = Assets.xcassets; sourceTree = "<group>"; };
		5F0B94EA2D0EAAC400ECD160 /* Base */ = {isa = PBXFileReference; lastKnownFileType = file.storyboard; name = Base; path = Base.lproj/LaunchScreen.storyboard; sourceTree = "<group>"; };
		5F0B94EC2D0EAAC400ECD160 /* Info.plist */ = {isa = PBXFileReference; lastKnownFileType = text.plist.xml; path = Info.plist; sourceTree = "<group>"; };
		5F0B94F12D0EAAC400ECD160 /* ForDependencyDiagramsTests.xctest */ = {isa = PBXFileReference; explicitFileType = wrapper.cfbundle; includeInIndex = 0; path = ForDependencyDiagramsTests.xctest; sourceTree = BUILT_PRODUCTS_DIR; };
		5F0B94F52D0EAAC400ECD160 /* ForDependencyDiagramsTests.swift */ = {isa = PBXFileReference; lastKnownFileType = sourcecode.swift; path = ForDependencyDiagramsTests.swift; sourceTree = "<group>"; };
		5F0B94FB2D0EAAC400ECD160 /* ForDependencyDiagramsUITests.xctest */ = {isa = PBXFileReference; explicitFileType = wrapper.cfbundle; includeInIndex = 0; path = ForDependencyDiagramsUITests.xctest; sourceTree = BUILT_PRODUCTS_DIR; };
		5F0B94FF2D0EAAC400ECD160 /* ForDependencyDiagramsUITests.swift */ = {isa = PBXFileReference; lastKnownFileType = sourcecode.swift; path = ForDependencyDiagramsUITests.swift; sourceTree = "<group>"; };
		5F0B95012D0EAAC400ECD160 /* ForDependencyDiagramsUITestsLaunchTests.swift */ = {isa = PBXFileReference; lastKnownFileType = sourcecode.swift; path = ForDependencyDiagramsUITestsLaunchTests.swift; sourceTree = "<group>"; };
		5F0B95102D0EDE7C00ECD160 /* Components.swift */ = {isa = PBXFileReference; fileEncoding = 4; lastKnownFileType = sourcecode.swift; path = Components.swift; sourceTree = "<group>"; };
/* End PBXFileReference section */

/* Begin PBXFrameworksBuildPhase section */
		5F0B94D82D0EAAC200ECD160 /* Frameworks */ = {
			isa = PBXFrameworksBuildPhase;
			buildActionMask = 2147483647;
			files = (
			);
			runOnlyForDeploymentPostprocessing = 0;
		};
		5F0B94EE2D0EAAC400ECD160 /* Frameworks */ = {
			isa = PBXFrameworksBuildPhase;
			buildActionMask = 2147483647;
			files = (
			);
			runOnlyForDeploymentPostprocessing = 0;
		};
		5F0B94F82D0EAAC400ECD160 /* Frameworks */ = {
			isa = PBXFrameworksBuildPhase;
			buildActionMask = 2147483647;
			files = (
			);
			runOnlyForDeploymentPostprocessing = 0;
		};
/* End PBXFrameworksBuildPhase section */

/* Begin PBXGroup section */
		5F0B94D22D0EAAC200ECD160 = {
			isa = PBXGroup;
			children = (
				5F0B94DD2D0EAAC200ECD160 /* ForDependencyDiagrams */,
				5F0B94F42D0EAAC400ECD160 /* ForDependencyDiagramsTests */,
				5F0B94FE2D0EAAC400ECD160 /* ForDependencyDiagramsUITests */,
				5F0B94DC2D0EAAC200ECD160 /* Products */,
			);
			sourceTree = "<group>";
		};
		5F0B94DC2D0EAAC200ECD160 /* Products */ = {
			isa = PBXGroup;
			children = (
				5F0B94DB2D0EAAC200ECD160 /* ForDependencyDiagrams.app */,
				5F0B94F12D0EAAC400ECD160 /* ForDependencyDiagramsTests.xctest */,
				5F0B94FB2D0EAAC400ECD160 /* ForDependencyDiagramsUITests.xctest */,
			);
			name = Products;
			sourceTree = "<group>";
		};
		5F0B94DD2D0EAAC200ECD160 /* ForDependencyDiagrams */ = {
			isa = PBXGroup;
			children = (
				5F0B94DE2D0EAAC200ECD160 /* AppDelegate.swift */,
				5F0B95102D0EDE7C00ECD160 /* Components.swift */,
				5F0B94E02D0EAAC200ECD160 /* SceneDelegate.swift */,
				5F0B94E22D0EAAC200ECD160 /* ViewController.swift */,
				5F0B94E42D0EAAC200ECD160 /* Main.storyboard */,
				5F0B94E72D0EAAC400ECD160 /* Assets.xcassets */,
				5F0B94E92D0EAAC400ECD160 /* LaunchScreen.storyboard */,
				5F0B94EC2D0EAAC400ECD160 /* Info.plist */,
			);
			path = ForDependencyDiagrams;
			sourceTree = "<group>";
		};
		5F0B94F42D0EAAC400ECD160 /* ForDependencyDiagramsTests */ = {
			isa = PBXGroup;
			children = (
				5F0B94F52D0EAAC400ECD160 /* ForDependencyDiagramsTests.swift */,
			);
			path = ForDependencyDiagramsTests;
			sourceTree = "<group>";
		};
		5F0B94FE2D0EAAC400ECD160 /* ForDependencyDiagramsUITests */ = {
			isa = PBXGroup;
			children = (
				5F0B94FF2D0EAAC400ECD160 /* ForDependencyDiagramsUITests.swift */,
				5F0B95012D0EAAC400ECD160 /* ForDependencyDiagramsUITestsLaunchTests.swift */,
			);
			path = ForDependencyDiagramsUITests;
			sourceTree = "<group>";
		};
/* End PBXGroup section */

/* Begin PBXNativeTarget section */
		5F0B94DA2D0EAAC200ECD160 /* ForDependencyDiagrams */ = {
			isa = PBXNativeTarget;
			buildConfigurationList = 5F0B95052D0EAAC400ECD160 /* Build configuration list for PBXNativeTarget "ForDependencyDiagrams" */;
			buildPhases = (
				5F0B94D72D0EAAC200ECD160 /* Sources */,
				5F0B94D82D0EAAC200ECD160 /* Frameworks */,
				5F0B94D92D0EAAC200ECD160 /* Resources */,
			);
			buildRules = (
			);
			dependencies = (
			);
			name = ForDependencyDiagrams;
			productName = ForDependencyDiagrams;
			productReference = 5F0B94DB2D0EAAC200ECD160 /* ForDependencyDiagrams.app */;
			productType = "com.apple.product-type.application";
		};
		5F0B94F02D0EAAC400ECD160 /* ForDependencyDiagramsTests */ = {
			isa = PBXNativeTarget;
			buildConfigurationList = 5F0B95082D0EAAC400ECD160 /* Build configuration list for PBXNativeTarget "ForDependencyDiagramsTests" */;
			buildPhases = (
				5F0B94ED2D0EAAC400ECD160 /* Sources */,
				5F0B94EE2D0EAAC400ECD160 /* Frameworks */,
				5F0B94EF2D0EAAC400ECD160 /* Resources */,
			);
			buildRules = (
			);
			dependencies = (
				5F0B94F32D0EAAC400ECD160 /* PBXTargetDependency */,
			);
			name = ForDependencyDiagramsTests;
			productName = ForDependencyDiagramsTests;
			productReference = 5F0B94F12D0EAAC400ECD160 /* ForDependencyDiagramsTests.xctest */;
			productType = "com.apple.product-type.bundle.unit-test";
		};
		5F0B94FA2D0EAAC400ECD160 /* ForDependencyDiagramsUITests */ = {
			isa = PBXNativeTarget;
			buildConfigurationList = 5F0B950B2D0EAAC400ECD160 /* Build configuration list for PBXNativeTarget "ForDependencyDiagramsUITests" */;
			buildPhases = (
				5F0B94F72D0EAAC400ECD160 /* Sources */,
				5F0B94F82D0EAAC400ECD160 /* Frameworks */,
				5F0B94F92D0EAAC400ECD160 /* Resources */,
			);
			buildRules = (
			);
			dependencies = (
				5F0B94FD2D0EAAC400ECD160 /* PBXTargetDependency */,
			);
			name = ForDependencyDiagramsUITests;
			productName = ForDependencyDiagramsUITests;
			productReference = 5F0B94FB2D0EAAC400ECD160 /* ForDependencyDiagramsUITests.xctest */;
			productType = "com.apple.product-type.bundle.ui-testing";
		};
/* End PBXNativeTarget section */

/* Begin PBXProject section */
		5F0B94D32D0EAAC200ECD160 /* Project object */ = {
			isa = PBXProject;
			attributes = {
				BuildIndependentTargetsInParallel = 1;
				LastSwiftUpdateCheck = 1540;
				LastUpgradeCheck = 1540;
				TargetAttributes = {
					5F0B94DA2D0EAAC200ECD160 = {
						CreatedOnToolsVersion = 15.4;
					};
					5F0B94F02D0EAAC400ECD160 = {
						CreatedOnToolsVersion = 15.4;
						TestTargetID = 5F0B94DA2D0EAAC200ECD160;
					};
					5F0B94FA2D0EAAC400ECD160 = {
						CreatedOnToolsVersion = 15.4;
						TestTargetID = 5F0B94DA2D0EAAC200ECD160;
					};
				};
			};
			buildConfigurationList = 5F0B94D62D0EAAC200ECD160 /* Build configuration list for PBXProject "ForDependencyDiagrams" */;
			compatibilityVersion = "Xcode 14.0";
			developmentRegion = en;
			hasScannedForEncodings = 0;
			knownRegions = (
				en,
				Base,
			);
			mainGroup = 5F0B94D22D0EAAC200ECD160;
			productRefGroup = 5F0B94DC2D0EAAC200ECD160 /* Products */;
			projectDirPath = "";
			projectRoot = "";
			targets = (
				5F0B94DA2D0EAAC200ECD160 /* ForDependencyDiagrams */,
				5F0B94F02D0EAAC400ECD160 /* ForDependencyDiagramsTests */,
				5F0B94FA2D0EAAC400ECD160 /* ForDependencyDiagramsUITests */,
			);
		};
/* End PBXProject section */

/* Begin PBXResourcesBuildPhase section */
		5F0B94D92D0EAAC200ECD160 /* Resources */ = {
			isa = PBXResourcesBuildPhase;
			buildActionMask = 2147483647;
			files = (
				5F0B94E82D0EAAC400ECD160 /* Assets.xcassets in Resources */,
				5F0B94EB2D0EAAC400ECD160 /* Base in Resources */,
				5F0B94E62D0EAAC200ECD160 /* Base in Resources */,
			);
			runOnlyForDeploymentPostprocessing = 0;
		};
		5F0B94EF2D0EAAC400ECD160 /* Resources */ = {
			isa = PBXResourcesBuildPhase;
			buildActionMask = 2147483647;
			files = (
			);
			runOnlyForDeploymentPostprocessing = 0;
		};
		5F0B94F92D0EAAC400ECD160 /* Resources */ = {
			isa = PBXResourcesBuildPhase;
			buildActionMask = 2147483647;
			files = (
			);
			runOnlyForDeploymentPostprocessing = 0;
		};
/* End PBXResourcesBuildPhase section */

/* Begin PBXSourcesBuildPhase section */
		5F0B94D72D0EAAC200ECD160 /* Sources */ = {
			isa = PBXSourcesBuildPhase;
			buildActionMask = 2147483647;
			files = (
				5F0B94E32D0EAAC200ECD160 /* ViewController.swift in Sources */,
				5F0B95112D0EDE7C00ECD160 /* Components.swift in Sources */,
				5F0B94DF2D0EAAC200ECD160 /* AppDelegate.swift in Sources */,
				5F0B94E12D0EAAC200ECD160 /* SceneDelegate.swift in Sources */,
			);
			runOnlyForDeploymentPostprocessing = 0;
		};
		5F0B94ED2D0EAAC400ECD160 /* Sources */ = {
			isa = PBXSourcesBuildPhase;
			buildActionMask = 2147483647;
			files = (
				5F0B94F62D0EAAC400ECD160 /* ForDependencyDiagramsTests.swift in Sources */,
			);
			runOnlyForDeploymentPostprocessing = 0;
		};
		5F0B94F72D0EAAC400ECD160 /* Sources */ = {
			isa = PBXSourcesBuildPhase;
			buildActionMask = 2147483647;
			files = (
				5F0B95002D0EAAC400ECD160 /* ForDependencyDiagramsUITests.swift in Sources */,
				5F0B95022D0EAAC400ECD160 /* ForDependencyDiagramsUITestsLaunchTests.swift in Sources */,
			);
			runOnlyForDeploymentPostprocessing = 0;
		};
/* End PBXSourcesBuildPhase section */

/* Begin PBXTargetDependency section */
		5F0B94F32D0EAAC400ECD160 /* PBXTargetDependency */ = {
			isa = PBXTargetDependency;
			target = 5F0B94DA2D0EAAC200ECD160 /* ForDependencyDiagrams */;
			targetProxy = 5F0B94F22D0EAAC400ECD160 /* PBXContainerItemProxy */;
		};
		5F0B94FD2D0EAAC400ECD160 /* PBXTargetDependency */ = {
			isa = PBXTargetDependency;
			target = 5F0B94DA2D0EAAC200ECD160 /* ForDependencyDiagrams */;
			targetProxy = 5F0B94FC2D0EAAC400ECD160 /* PBXContainerItemProxy */;
		};
/* End PBXTargetDependency section */

/* Begin PBXVariantGroup section */
		5F0B94E42D0EAAC200ECD160 /* Main.storyboard */ = {
			isa = PBXVariantGroup;
			children = (
				5F0B94E52D0EAAC200ECD160 /* Base */,
			);
			name = Main.storyboard;
			sourceTree = "<group>";
		};
		5F0B94E92D0EAAC400ECD160 /* LaunchScreen.storyboard */ = {
			isa = PBXVariantGroup;
			children = (
				5F0B94EA2D0EAAC400ECD160 /* Base */,
			);
			name = LaunchScreen.storyboard;
			sourceTree = "<group>";
		};
/* End PBXVariantGroup section */

/* Begin XCBuildConfiguration section */
		5F0B95032D0EAAC400ECD160 /* Debug */ = {
			isa = XCBuildConfiguration;
			buildSettings = {
				ALWAYS_SEARCH_USER_PATHS = NO;
				ASSETCATALOG_COMPILER_GENERATE_SWIFT_ASSET_SYMBOL_EXTENSIONS = YES;
				CLANG_ANALYZER_NONNULL = YES;
				CLANG_ANALYZER_NUMBER_OBJECT_CONVERSION = YES_AGGRESSIVE;
				CLANG_CXX_LANGUAGE_STANDARD = "gnu++20";
				CLANG_ENABLE_MODULES = YES;
				CLANG_ENABLE_OBJC_ARC = YES;
				CLANG_ENABLE_OBJC_WEAK = YES;
				CLANG_WARN_BLOCK_CAPTURE_AUTORELEASING = YES;
				CLANG_WARN_BOOL_CONVERSION = YES;
				CLANG_WARN_COMMA = YES;
				CLANG_WARN_CONSTANT_CONVERSION = YES;
				CLANG_WARN_DEPRECATED_OBJC_IMPLEMENTATIONS = YES;
				CLANG_WARN_DIRECT_OBJC_ISA_USAGE = YES_ERROR;
				CLANG_WARN_DOCUMENTATION_COMMENTS = YES;
				CLANG_WARN_EMPTY_BODY = YES;
				CLANG_WARN_ENUM_CONVERSION = YES;
				CLANG_WARN_INFINITE_RECURSION = YES;
				CLANG_WARN_INT_CONVERSION = YES;
				CLANG_WARN_NON_LITERAL_NULL_CONVERSION = YES;
				CLANG_WARN_OBJC_IMPLICIT_RETAIN_SELF = YES;
				CLANG_WARN_OBJC_LITERAL_CONVERSION = YES;
				CLANG_WARN_OBJC_ROOT_CLASS = YES_ERROR;
				CLANG_WARN_QUOTED_INCLUDE_IN_FRAMEWORK_HEADER = YES;
				CLANG_WARN_RANGE_LOOP_ANALYSIS = YES;
				CLANG_WARN_STRICT_PROTOTYPES = YES;
				CLANG_WARN_SUSPICIOUS_MOVE = YES;
				CLANG_WARN_UNGUARDED_AVAILABILITY = YES_AGGRESSIVE;
				CLANG_WARN_UNREACHABLE_CODE = YES;
				CLANG_WARN__DUPLICATE_METHOD_MATCH = YES;
				COPY_PHASE_STRIP = NO;
				DEBUG_INFORMATION_FORMAT = dwarf;
				ENABLE_STRICT_OBJC_MSGSEND = YES;
				ENABLE_TESTABILITY = YES;
				ENABLE_USER_SCRIPT_SANDBOXING = YES;
				GCC_C_LANGUAGE_STANDARD = gnu17;
				GCC_DYNAMIC_NO_PIC = NO;
				GCC_NO_COMMON_BLOCKS = YES;
				GCC_OPTIMIZATION_LEVEL = 0;
				GCC_PREPROCESSOR_DEFINITIONS = (
					"DEBUG=1",
					"$(inherited)",
				);
				GCC_WARN_64_TO_32_BIT_CONVERSION = YES;
				GCC_WARN_ABOUT_RETURN_TYPE = YES_ERROR;
				GCC_WARN_UNDECLARED_SELECTOR = YES;
				GCC_WARN_UNINITIALIZED_AUTOS = YES_AGGRESSIVE;
				GCC_WARN_UNUSED_FUNCTION = YES;
				GCC_WARN_UNUSED_VARIABLE = YES;
				IPHONEOS_DEPLOYMENT_TARGET = 17.5;
				LOCALIZATION_PREFERS_STRING_CATALOGS = YES;
				MTL_ENABLE_DEBUG_INFO = INCLUDE_SOURCE;
				MTL_FAST_MATH = YES;
				ONLY_ACTIVE_ARCH = YES;
				SDKROOT = iphoneos;
				SWIFT_ACTIVE_COMPILATION_CONDITIONS = "DEBUG $(inherited)";
				SWIFT_OPTIMIZATION_LEVEL = "-Onone";
			};
			name = Debug;
		};
		5F0B95042D0EAAC400ECD160 /* Release */ = {
			isa = XCBuildConfiguration;
			buildSettings = {
				ALWAYS_SEARCH_USER_PATHS = NO;
				ASSETCATALOG_COMPILER_GENERATE_SWIFT_ASSET_SYMBOL_EXTENSIONS = YES;
				CLANG_ANALYZER_NONNULL = YES;
				CLANG_ANALYZER_NUMBER_OBJECT_CONVERSION = YES_AGGRESSIVE;
				CLANG_CXX_LANGUAGE_STANDARD = "gnu++20";
				CLANG_ENABLE_MODULES = YES;
				CLANG_ENABLE_OBJC_ARC = YES;
				CLANG_ENABLE_OBJC_WEAK = YES;
				CLANG_WARN_BLOCK_CAPTURE_AUTORELEASING = YES;
				CLANG_WARN_BOOL_CONVERSION = YES;
				CLANG_WARN_COMMA = YES;
				CLANG_WARN_CONSTANT_CONVERSION = YES;
				CLANG_WARN_DEPRECATED_OBJC_IMPLEMENTATIONS = YES;
				CLANG_WARN_DIRECT_OBJC_ISA_USAGE = YES_ERROR;
				CLANG_WARN_DOCUMENTATION_COMMENTS = YES;
				CLANG_WARN_EMPTY_BODY = YES;
				CLANG_WARN_ENUM_CONVERSION = YES;
				CLANG_WARN_INFINITE_RECURSION = YES;
				CLANG_WARN_INT_CONVERSION = YES;
				CLANG_WARN_NON_LITERAL_NULL_CONVERSION = YES;
				CLANG_WARN_OBJC_IMPLICIT_RETAIN_SELF = YES;
				CLANG_WARN_OBJC_LITERAL_CONVERSION = YES;
				CLANG_WARN_OBJC_ROOT_CLASS = YES_ERROR;
				CLANG_WARN_QUOTED_INCLUDE_IN_FRAMEWORK_HEADER = YES;
				CLANG_WARN_RANGE_LOOP_ANALYSIS = YES;
				CLANG_WARN_STRICT_PROTOTYPES = YES;
				CLANG_WARN_SUSPICIOUS_MOVE = YES;
				CLANG_WARN_UNGUARDED_AVAILABILITY = YES_AGGRESSIVE;
				CLANG_WARN_UNREACHABLE_CODE = YES;
				CLANG_WARN__DUPLICATE_METHOD_MATCH = YES;
				COPY_PHASE_STRIP = NO;
				DEBUG_INFORMATION_FORMAT = "dwarf-with-dsym";
				ENABLE_NS_ASSERTIONS = NO;
				ENABLE_STRICT_OBJC_MSGSEND = YES;
				ENABLE_USER_SCRIPT_SANDBOXING = YES;
				GCC_C_LANGUAGE_STANDARD = gnu17;
				GCC_NO_COMMON_BLOCKS = YES;
				GCC_WARN_64_TO_32_BIT_CONVERSION = YES;
				GCC_WARN_ABOUT_RETURN_TYPE = YES_ERROR;
				GCC_WARN_UNDECLARED_SELECTOR = YES;
				GCC_WARN_UNINITIALIZED_AUTOS = YES_AGGRESSIVE;
				GCC_WARN_UNUSED_FUNCTION = YES;
				GCC_WARN_UNUSED_VARIABLE = YES;
				IPHONEOS_DEPLOYMENT_TARGET = 17.5;
				LOCALIZATION_PREFERS_STRING_CATALOGS = YES;
				MTL_ENABLE_DEBUG_INFO = NO;
				MTL_FAST_MATH = YES;
				SDKROOT = iphoneos;
				SWIFT_COMPILATION_MODE = wholemodule;
				VALIDATE_PRODUCT = YES;
			};
			name = Release;
		};
		5F0B95062D0EAAC400ECD160 /* Debug */ = {
			isa = XCBuildConfiguration;
			buildSettings = {
				ASSETCATALOG_COMPILER_APPICON_NAME = AppIcon;
				ASSETCATALOG_COMPILER_GLOBAL_ACCENT_COLOR_NAME = AccentColor;
				CODE_SIGN_STYLE = Automatic;
				CURRENT_PROJECT_VERSION = 1;
				DEVELOPMENT_TEAM = C8X33J96A7;
				GENERATE_INFOPLIST_FILE = YES;
				INFOPLIST_FILE = ForDependencyDiagrams/Info.plist;
				INFOPLIST_KEY_UIApplicationSupportsIndirectInputEvents = YES;
				INFOPLIST_KEY_UILaunchStoryboardName = LaunchScreen;
				INFOPLIST_KEY_UIMainStoryboardFile = Main;
				INFOPLIST_KEY_UISupportedInterfaceOrientations_iPad = "UIInterfaceOrientationPortrait UIInterfaceOrientationPortraitUpsideDown UIInterfaceOrientationLandscapeLeft UIInterfaceOrientationLandscapeRight";
				INFOPLIST_KEY_UISupportedInterfaceOrientations_iPhone = "UIInterfaceOrientationPortrait UIInterfaceOrientationLandscapeLeft UIInterfaceOrientationLandscapeRight";
				IPHONEOS_DEPLOYMENT_TARGET = 15.0;
				LD_RUNPATH_SEARCH_PATHS = (
					"$(inherited)",
					"@executable_path/Frameworks",
				);
				MARKETING_VERSION = 1.0;
				PRODUCT_BUNDLE_IDENTIFIER = com.meharoof.ForDependencyDiagrams;
				PRODUCT_NAME = "$(TARGET_NAME)";
				SWIFT_EMIT_LOC_STRINGS = YES;
				SWIFT_VERSION = 5.0;
				TARGETED_DEVICE_FAMILY = "1,2";
			};
			name = Debug;
		};
		5F0B95072D0EAAC400ECD160 /* Release */ = {
			isa = XCBuildConfiguration;
			buildSettings = {
				ASSETCATALOG_COMPILER_APPICON_NAME = AppIcon;
				ASSETCATALOG_COMPILER_GLOBAL_ACCENT_COLOR_NAME = AccentColor;
				CODE_SIGN_STYLE = Automatic;
				CURRENT_PROJECT_VERSION = 1;
				DEVELOPMENT_TEAM = C8X33J96A7;
				GENERATE_INFOPLIST_FILE = YES;
				INFOPLIST_FILE = ForDependencyDiagrams/Info.plist;
				INFOPLIST_KEY_UIApplicationSupportsIndirectInputEvents = YES;
				INFOPLIST_KEY_UILaunchStoryboardName = LaunchScreen;
				INFOPLIST_KEY_UIMainStoryboardFile = Main;
				INFOPLIST_KEY_UISupportedInterfaceOrientations_iPad = "UIInterfaceOrientationPortrait UIInterfaceOrientationPortraitUpsideDown UIInterfaceOrientationLandscapeLeft UIInterfaceOrientationLandscapeRight";
				INFOPLIST_KEY_UISupportedInterfaceOrientations_iPhone = "UIInterfaceOrientationPortrait UIInterfaceOrientationLandscapeLeft UIInterfaceOrientationLandscapeRight";
				IPHONEOS_DEPLOYMENT_TARGET = 15.0;
				LD_RUNPATH_SEARCH_PATHS = (
					"$(inherited)",
					"@executable_path/Frameworks",
				);
				MARKETING_VERSION = 1.0;
				PRODUCT_BUNDLE_IDENTIFIER = com.meharoof.ForDependencyDiagrams;
				PRODUCT_NAME = "$(TARGET_NAME)";
				SWIFT_EMIT_LOC_STRINGS = YES;
				SWIFT_VERSION = 5.0;
				TARGETED_DEVICE_FAMILY = "1,2";
			};
			name = Release;
		};
		5F0B95092D0EAAC400ECD160 /* Debug */ = {
			isa = XCBuildConfiguration;
			buildSettings = {
				ALWAYS_EMBED_SWIFT_STANDARD_LIBRARIES = YES;
				BUNDLE_LOADER = "$(TEST_HOST)";
				CODE_SIGN_STYLE = Automatic;
				CURRENT_PROJECT_VERSION = 1;
				DEVELOPMENT_TEAM = C8X33J96A7;
				GENERATE_INFOPLIST_FILE = YES;
				IPHONEOS_DEPLOYMENT_TARGET = 17.5;
				MARKETING_VERSION = 1.0;
				PRODUCT_BUNDLE_IDENTIFIER = com.meharoof.ForDependencyDiagramsTests;
				PRODUCT_NAME = "$(TARGET_NAME)";
				SWIFT_EMIT_LOC_STRINGS = NO;
				SWIFT_VERSION = 5.0;
				TARGETED_DEVICE_FAMILY = "1,2";
				TEST_HOST = "$(BUILT_PRODUCTS_DIR)/ForDependencyDiagrams.app/$(BUNDLE_EXECUTABLE_FOLDER_PATH)/ForDependencyDiagrams";
			};
			name = Debug;
		};
		5F0B950A2D0EAAC400ECD160 /* Release */ = {
			isa = XCBuildConfiguration;
			buildSettings = {
				ALWAYS_EMBED_SWIFT_STANDARD_LIBRARIES = YES;
				BUNDLE_LOADER = "$(TEST_HOST)";
				CODE_SIGN_STYLE = Automatic;
				CURRENT_PROJECT_VERSION = 1;
				DEVELOPMENT_TEAM = C8X33J96A7;
				GENERATE_INFOPLIST_FILE = YES;
				IPHONEOS_DEPLOYMENT_TARGET = 17.5;
				MARKETING_VERSION = 1.0;
				PRODUCT_BUNDLE_IDENTIFIER = com.meharoof.ForDependencyDiagramsTests;
				PRODUCT_NAME = "$(TARGET_NAME)";
				SWIFT_EMIT_LOC_STRINGS = NO;
				SWIFT_VERSION = 5.0;
				TARGETED_DEVICE_FAMILY = "1,2";
				TEST_HOST = "$(BUILT_PRODUCTS_DIR)/ForDependencyDiagrams.app/$(BUNDLE_EXECUTABLE_FOLDER_PATH)/ForDependencyDiagrams";
			};
			name = Release;
		};
		5F0B950C2D0EAAC400ECD160 /* Debug */ = {
			isa = XCBuildConfiguration;
			buildSettings = {
				ALWAYS_EMBED_SWIFT_STANDARD_LIBRARIES = YES;
				CODE_SIGN_STYLE = Automatic;
				CURRENT_PROJECT_VERSION = 1;
				DEVELOPMENT_TEAM = C8X33J96A7;
				GENERATE_INFOPLIST_FILE = YES;
				MARKETING_VERSION = 1.0;
				PRODUCT_BUNDLE_IDENTIFIER = com.meharoof.ForDependencyDiagramsUITests;
				PRODUCT_NAME = "$(TARGET_NAME)";
				SWIFT_EMIT_LOC_STRINGS = NO;
				SWIFT_VERSION = 5.0;
				TARGETED_DEVICE_FAMILY = "1,2";
				TEST_TARGET_NAME = ForDependencyDiagrams;
			};
			name = Debug;
		};
		5F0B950D2D0EAAC400ECD160 /* Release */ = {
			isa = XCBuildConfiguration;
			buildSettings = {
				ALWAYS_EMBED_SWIFT_STANDARD_LIBRARIES = YES;
				CODE_SIGN_STYLE = Automatic;
				CURRENT_PROJECT_VERSION = 1;
				DEVELOPMENT_TEAM = C8X33J96A7;
				GENERATE_INFOPLIST_FILE = YES;
				MARKETING_VERSION = 1.0;
				PRODUCT_BUNDLE_IDENTIFIER = com.meharoof.ForDependencyDiagramsUITests;
				PRODUCT_NAME = "$(TARGET_NAME)";
				SWIFT_EMIT_LOC_STRINGS = NO;
				SWIFT_VERSION = 5.0;
				TARGETED_DEVICE_FAMILY = "1,2";
				TEST_TARGET_NAME = ForDependencyDiagrams;
			};
			name = Release;
		};
/* End XCBuildConfiguration section */

/* Begin XCConfigurationList section */
		5F0B94D62D0EAAC200ECD160 /* Build configuration list for PBXProject "ForDependencyDiagrams" */ = {
			isa = XCConfigurationList;
			buildConfigurations = (
				5F0B95032D0EAAC400ECD160 /* Debug */,
				5F0B95042D0EAAC400ECD160 /* Release */,
			);
			defaultConfigurationIsVisible = 0;
			defaultConfigurationName = Release;
		};
		5F0B95052D0EAAC400ECD160 /* Build configuration list for PBXNativeTarget "ForDependencyDiagrams" */ = {
			isa = XCConfigurationList;
			buildConfigurations = (
				5F0B95062D0EAAC400ECD160 /* Debug */,
				5F0B95072D0EAAC400ECD160 /* Release */,
			);
			defaultConfigurationIsVisible = 0;
			defaultConfigurationName = Release;
		};
		5F0B95082D0EAAC400ECD160 /* Build configuration list for PBXNativeTarget "ForDependencyDiagramsTests" */ = {
			isa = XCConfigurationList;
			buildConfigurations = (
				5F0B95092D0EAAC400ECD160 /* Debug */,
				5F0B950A2D0EAAC400ECD160 /* Release */,
			);
			defaultConfigurationIsVisible = 0;
			defaultConfigurationName = Release;
		};
		5F0B950B2D0EAAC400ECD160 /* Build configuration list for PBXNativeTarget "ForDependencyDiagramsUITests" */ = {
			isa = XCConfigurationList;
			buildConfigurations = (
				5F0B950C2D0EAAC400ECD160 /* Debug */,
				5F0B950D2D0EAAC400ECD160 /* Release */,
			);
			defaultConfigurationIsVisible = 0;
			defaultConfigurationName = Release;
		};
/* End XCConfigurationList section */
	};
	rootObject = 5F0B94D32D0EAAC200ECD160 /* Project object */;
}
